
Microsoft Visual Studio Solution File, Format Version 12.00
# Visual Studio Version 17
VisualStudioVersion = 17.11.35327.3
MinimumVisualStudioVersion = 10.0.40219.1
Project("{2150E333-8FDC-42A3-9474-1A3956D46DE8}") = "Assets", "Assets", "{02EA681E-C7D8-13C7-8484-4AC65E1B71E8}"
	ProjectSection(SolutionItems) = preProject
		Assets\quantumconsole = Assets\quantumconsole
		Assets\quantumconsole.manifest = Assets\quantumconsole.manifest
	EndProjectSection
EndProject
Project("{2150E333-8FDC-42A3-9474-1A3956D46DE8}") = "Fonts", "Fonts", "{7F56C683-CF32-4BAC-9B50-3CE46CF0D09D}"
	ProjectSection(SolutionItems) = preProject
		Fonts\LICENSE.txt = Fonts\LICENSE.txt
		Fonts\OfficeCodePro-Bold.ttf = Fonts\OfficeCodePro-Bold.ttf
		Fonts\OfficeCodePro-BoldItalic.ttf = Fonts\OfficeCodePro-BoldItalic.ttf
		Fonts\OfficeCodePro-Light.ttf = Fonts\OfficeCodePro-Light.ttf
		Fonts\OfficeCodePro-LightItalic.ttf = Fonts\OfficeCodePro-LightItalic.ttf
		Fonts\OfficeCodePro-Medium.ttf = Fonts\OfficeCodePro-Medium.ttf
		Fonts\OfficeCodePro-MediumItalic.ttf = Fonts\OfficeCodePro-MediumItalic.ttf
		Fonts\OfficeCodePro-Regular.ttf = Fonts\OfficeCodePro-Regular.ttf
		Fonts\OfficeCodePro-RegularItalic.ttf = Fonts\OfficeCodePro-RegularItalic.ttf
	EndProjectSection
EndProject
Project("{2150E333-8FDC-42A3-9474-1A3956D46DE8}") = "TMP", "TMP", "{35E0BDE5-FBCB-4CB2-ABB7-9CB58594A442}"
	ProjectSection(SolutionItems) = preProject
		Fonts\TMP\OfficeCodePro-Regular SDF.asset = Fonts\TMP\OfficeCodePro-Regular SDF.asset
	EndProjectSection
EndProject
Project("{2150E333-8FDC-42A3-9474-1A3956D46DE8}") = "Materials", "Materials", "{CB6E4362-5353-4213-A4A7-BD40C448476F}"
	ProjectSection(SolutionItems) = preProject
		Materials\Blur Panel.mat = Materials\Blur Panel.mat
	EndProjectSection
EndProject
Project("{2150E333-8FDC-42A3-9474-1A3956D46DE8}") = "Shaders", "Shaders", "{AA9135FF-20DD-4363-8B83-469B675D9667}"
	ProjectSection(SolutionItems) = preProject
		Shaders\Blur.shader = Shaders\Blur.shader
	EndProjectSection
EndProject
Project("{2150E333-8FDC-42A3-9474-1A3956D46DE8}") = "Textures", "Textures", "{93F5AC27-3C5A-456A-B148-07E8A69E6C33}"
	ProjectSection(SolutionItems) = preProject
		Textures\Banner.png = Textures\Banner.png
		Textures\BannerEditor.png = Textures\BannerEditor.png
		Textures\DragArrow.png = Textures\DragArrow.png
		Textures\Icon.png = Textures\Icon.png
		Textures\MagnifyingGlass.png = Textures\MagnifyingGlass.png
		Textures\UIBevel.png = Textures\UIBevel.png
	EndProjectSection
EndProject
Project("{2150E333-8FDC-42A3-9474-1A3956D46DE8}") = "Prefabs", "Prefabs", "{B6633820-EA22-4D60-BC62-94D3AEBBBD6B}"
	ProjectSection(SolutionItems) = preProject
		Prefabs\Default Key Config.asset = Prefabs\Default Key Config.asset
		Prefabs\Default Localization.asset = Prefabs\Default Localization.asset
		Prefabs\Default Theme (SRP).asset = Prefabs\Default Theme (SRP).asset
		Prefabs\Default Theme.asset = Prefabs\Default Theme.asset
		Prefabs\Quantum Console (SRP).prefab = Prefabs\Quantum Console (SRP).prefab
		Prefabs\Quantum Console.prefab = Prefabs\Quantum Console.prefab
	EndProjectSection
EndProject
Project("{2150E333-8FDC-42A3-9474-1A3956D46DE8}") = "Solution Items", "Solution Items", "{DBA1AEDC-50B7-4FD2-8DF8-2DF43F9ACCBD}"
	ProjectSection(SolutionItems) = preProject
		.gitignore = .gitignore
		changelog.txt = changelog.txt
		DefineConstants.props = DefineConstants.props
		Dependencies.props = Dependencies.props
		GameFolder.props = GameFolder.props
		readme.pdf = readme.pdf
		Third-Party Notices.txt = Third-Party Notices.txt
	EndProjectSection
EndProject
Project("{FAE04EC0-301F-11D3-BF4B-00C04F79EFBC}") = "Hikaria.QC", "Hikaria.QC\Hikaria.QC.csproj", "{E70D18E1-1847-F4CB-B3D3-1007D522B3BE}"
EndProject
Project("{FAE04EC0-301F-11D3-BF4B-00C04F79EFBC}") = "Hikaria.QC.QGUI", "Hikaria.QC.QGUI\Hikaria.QC.QGUI.csproj", "{4B43144A-B80B-4628-A589-554EA1CA6957}"
EndProject
Project("{FAE04EC0-301F-11D3-BF4B-00C04F79EFBC}") = "Hikaria.QC.Editor", "Hikaria.QC.Editor\Hikaria.QC.Editor.csproj", "{86443177-FAF0-401C-B33C-5382435F6FAB}"
EndProject
Project("{FAE04EC0-301F-11D3-BF4B-00C04F79EFBC}") = "Hikaria.QC.Editor.Tools", "Hikaria.QC.Editor.Tools\Hikaria.QC.Editor.Tools.csproj", "{956CA8DB-B7DF-477D-9882-8483B3A26740}"
EndProject
Project("{2150E333-8FDC-42A3-9474-1A3956D46DE8}") = "Localization", "Localization", "{AE5C61FB-14F7-4DE8-940F-EED795280C68}"
	ProjectSection(SolutionItems) = preProject
		Localization\Hikaria.QC_QuantumCommands_Localization.json = Localization\Hikaria.QC_QuantumCommands_Localization.json
		Localization\QuantumConsoleSettings_Localization.json = Localization\QuantumConsoleSettings_Localization.json
		Localization\_Hikaria.QC_ModuleLocalization.json = Localization\_Hikaria.QC_ModuleLocalization.json
	EndProjectSection
EndProject
Global
	GlobalSection(SolutionConfigurationPlatforms) = preSolution
		Debug|Any CPU = Debug|Any CPU
		Release|Any CPU = Release|Any CPU
	EndGlobalSection
	GlobalSection(ProjectConfigurationPlatforms) = postSolution
		{E70D18E1-1847-F4CB-B3D3-1007D522B3BE}.Debug|Any CPU.ActiveCfg = Debug|Any CPU
		{E70D18E1-1847-F4CB-B3D3-1007D522B3BE}.Debug|Any CPU.Build.0 = Debug|Any CPU
		{E70D18E1-1847-F4CB-B3D3-1007D522B3BE}.Release|Any CPU.ActiveCfg = Release|Any CPU
		{E70D18E1-1847-F4CB-B3D3-1007D522B3BE}.Release|Any CPU.Build.0 = Release|Any CPU
		{4B43144A-B80B-4628-A589-554EA1CA6957}.Debug|Any CPU.ActiveCfg = Debug|Any CPU
		{4B43144A-B80B-4628-A589-554EA1CA6957}.Debug|Any CPU.Build.0 = Debug|Any CPU
		{4B43144A-B80B-4628-A589-554EA1CA6957}.Release|Any CPU.ActiveCfg = Release|Any CPU
		{4B43144A-B80B-4628-A589-554EA1CA6957}.Release|Any CPU.Build.0 = Release|Any CPU
		{86443177-FAF0-401C-B33C-5382435F6FAB}.Debug|Any CPU.ActiveCfg = Debug|Any CPU
		{86443177-FAF0-401C-B33C-5382435F6FAB}.Debug|Any CPU.Build.0 = Debug|Any CPU
		{86443177-FAF0-401C-B33C-5382435F6FAB}.Release|Any CPU.ActiveCfg = Release|Any CPU
		{86443177-FAF0-401C-B33C-5382435F6FAB}.Release|Any CPU.Build.0 = Release|Any CPU
		{956CA8DB-B7DF-477D-9882-8483B3A26740}.Debug|Any CPU.ActiveCfg = Debug|Any CPU
		{956CA8DB-B7DF-477D-9882-8483B3A26740}.Debug|Any CPU.Build.0 = Debug|Any CPU
		{956CA8DB-B7DF-477D-9882-8483B3A26740}.Release|Any CPU.ActiveCfg = Release|Any CPU
		{956CA8DB-B7DF-477D-9882-8483B3A26740}.Release|Any CPU.Build.0 = Release|Any CPU
	EndGlobalSection
	GlobalSection(SolutionProperties) = preSolution
		HideSolutionNode = FALSE
	EndGlobalSection
	GlobalSection(NestedProjects) = preSolution
		{35E0BDE5-FBCB-4CB2-ABB7-9CB58594A442} = {7F56C683-CF32-4BAC-9B50-3CE46CF0D09D}
	EndGlobalSection
	GlobalSection(ExtensibilityGlobals) = postSolution
		SolutionGuid = {73BF014F-0D62-4158-B953-70EA8D9B7D0F}
	EndGlobalSection
EndGlobal
